
Microsoft Visual Studio Solution File, Format Version 12.00
# Visual Studio Version 17
VisualStudioVersion = 17.7.34009.444
MinimumVisualStudioVersion = 10.0.40219.1
Project("{9A19103F-16F7-4668-BE54-9A1E7A4F7556}") = "TechChallenge-Fase1", "TechChallenge-Fase1\TechChallenge-Fase1.csproj", "{4D06B060-12B7-417F-8385-F60E86096D40}"
EndProject
Project("{FAE04EC0-301F-11D3-BF4B-00C04F79EFBC}") = "Testes", "Testes\Testes.csproj", "{C0E599AC-8FA8-44EB-882F-CCC36E71E1A4}"
	ProjectSection(ProjectDependencies) = postProject
		{4D06B060-12B7-417F-8385-F60E86096D40} = {4D06B060-12B7-417F-8385-F60E86096D40}
	EndProjectSection
EndProject
Global
	GlobalSection(SolutionConfigurationPlatforms) = preSolution
		Debug|Any CPU = Debug|Any CPU
		Release|Any CPU = Release|Any CPU
	EndGlobalSection
	GlobalSection(ProjectConfigurationPlatforms) = postSolution
		{4D06B060-12B7-417F-8385-F60E86096D40}.Debug|Any CPU.ActiveCfg = Debug|Any CPU
		{4D06B060-12B7-417F-8385-F60E86096D40}.Debug|Any CPU.Build.0 = Debug|Any CPU
		{4D06B060-12B7-417F-8385-F60E86096D40}.Release|Any CPU.ActiveCfg = Release|Any CPU
		{4D06B060-12B7-417F-8385-F60E86096D40}.Release|Any CPU.Build.0 = Release|Any CPU
		{C0E599AC-8FA8-44EB-882F-CCC36E71E1A4}.Debug|Any CPU.ActiveCfg = Debug|Any CPU
		{C0E599AC-8FA8-44EB-882F-CCC36E71E1A4}.Debug|Any CPU.Build.0 = Debug|Any CPU
		{C0E599AC-8FA8-44EB-882F-CCC36E71E1A4}.Release|Any CPU.ActiveCfg = Release|Any CPU
		{C0E599AC-8FA8-44EB-882F-CCC36E71E1A4}.Release|Any CPU.Build.0 = Release|Any CPU
	EndGlobalSection
	GlobalSection(SolutionProperties) = preSolution
		HideSolutionNode = FALSE
	EndGlobalSection
	GlobalSection(ExtensibilityGlobals) = postSolution
		SolutionGuid = {7A87B871-369B-4A10-AF1E-2DCE0011A8E5}
	EndGlobalSection
EndGlobal
